
Microsoft Visual Studio Solution File, Format Version 12.00
# Visual Studio Version 17
VisualStudioVersion = 17.12.35707.178 d17.12
MinimumVisualStudioVersion = 10.0.40219.1
Project("{FAE04EC0-301F-11D3-BF4B-00C04F79EFBC}") = "SuperAdventure", "SuperAdventure\SuperAdventure.csproj", "{9AD3984E-6AB0-4D11-9919-3478A747D3ED}"
EndProject
Project("{FAE04EC0-301F-11D3-BF4B-00C04F79EFBC}") = "Engine", "Engine\Engine.csproj", "{C32D83B0-6AA7-4C46-BDD4-E920B55E1B10}"
EndProject
Global
	GlobalSection(SolutionConfigurationPlatforms) = preSolution
		Debug|Any CPU = Debug|Any CPU
		Release|Any CPU = Release|Any CPU
	EndGlobalSection
	GlobalSection(ProjectConfigurationPlatforms) = postSolution
		{9AD3984E-6AB0-4D11-9919-3478A747D3ED}.Debug|Any CPU.ActiveCfg = Debug|Any CPU
		{9AD3984E-6AB0-4D11-9919-3478A747D3ED}.Debug|Any CPU.Build.0 = Debug|Any CPU
		{9AD3984E-6AB0-4D11-9919-3478A747D3ED}.Release|Any CPU.ActiveCfg = Release|Any CPU
		{9AD3984E-6AB0-4D11-9919-3478A747D3ED}.Release|Any CPU.Build.0 = Release|Any CPU
		{C32D83B0-6AA7-4C46-BDD4-E920B55E1B10}.Debug|Any CPU.ActiveCfg = Debug|Any CPU
		{C32D83B0-6AA7-4C46-BDD4-E920B55E1B10}.Debug|Any CPU.Build.0 = Debug|Any CPU
		{C32D83B0-6AA7-4C46-BDD4-E920B55E1B10}.Release|Any CPU.ActiveCfg = Release|Any CPU
		{C32D83B0-6AA7-4C46-BDD4-E920B55E1B10}.Release|Any CPU.Build.0 = Release|Any CPU
	EndGlobalSection
	GlobalSection(SolutionProperties) = preSolution
		HideSolutionNode = FALSE
	EndGlobalSection
EndGlobal
